
Microsoft Visual Studio Solution File, Format Version 12.00
# Visual Studio 2013
VisualStudioVersion = 12.0.40629.0
MinimumVisualStudioVersion = 10.0.40219.1
Project("{FAE04EC0-301F-11D3-BF4B-00C04F79EFBC}") = "MvcEncryptionLab", "MvcEncryptionLab\MvcEncryptionLab.csproj", "{3ACE6275-B9B4-4E92-9820-3F974482AD25}"
EndProject
Project("{FAE04EC0-301F-11D3-BF4B-00C04F79EFBC}") = "MvcEncryptionLab.Tests", "MvcEncryptionLab.Tests\MvcEncryptionLab.Tests.csproj", "{0AFCECD8-93F9-4314-9600-90BC3B87C1AD}"
EndProject
Project("{FAE04EC0-301F-11D3-BF4B-00C04F79EFBC}") = "MvcEncryptionLabData", "MvcEncryptionLabData\MvcEncryptionLabData.csproj", "{D216CF63-F2DE-46D7-9FA7-B290BF4FF95C}"
EndProject
Project("{FAE04EC0-301F-11D3-BF4B-00C04F79EFBC}") = "FipsCheckerUtility", "FipsCheckerUtility\FipsCheckerUtility.csproj", "{C7F1A9E5-BF74-499B-A7CC-A0D11D331117}"
EndProject
Project("{FAE04EC0-301F-11D3-BF4B-00C04F79EFBC}") = "AcaIrsXmlFileProcesser", "AcaIrsXmlFileProcesser\AcaIrsXmlFileProcesser.csproj", "{23D33972-0EA9-4280-BDA4-784198287BDF}"
EndProject
Project("{00D1A9C2-B5F0-4AF3-8072-F6C62B433612}") = "MvcEncryptionLabDb", "MvcEncryptionLabDb\MvcEncryptionLabDb.sqlproj", "{08A64EC8-D3FF-4632-9613-3A89B7B0325D}"
EndProject
Global
	GlobalSection(SolutionConfigurationPlatforms) = preSolution
		Debug|Any CPU = Debug|Any CPU
		Release|Any CPU = Release|Any CPU
	EndGlobalSection
	GlobalSection(ProjectConfigurationPlatforms) = postSolution
		{3ACE6275-B9B4-4E92-9820-3F974482AD25}.Debug|Any CPU.ActiveCfg = Debug|Any CPU
		{3ACE6275-B9B4-4E92-9820-3F974482AD25}.Debug|Any CPU.Build.0 = Debug|Any CPU
		{3ACE6275-B9B4-4E92-9820-3F974482AD25}.Release|Any CPU.ActiveCfg = Release|Any CPU
		{3ACE6275-B9B4-4E92-9820-3F974482AD25}.Release|Any CPU.Build.0 = Release|Any CPU
		{0AFCECD8-93F9-4314-9600-90BC3B87C1AD}.Debug|Any CPU.ActiveCfg = Debug|Any CPU
		{0AFCECD8-93F9-4314-9600-90BC3B87C1AD}.Debug|Any CPU.Build.0 = Debug|Any CPU
		{0AFCECD8-93F9-4314-9600-90BC3B87C1AD}.Release|Any CPU.ActiveCfg = Release|Any CPU
		{0AFCECD8-93F9-4314-9600-90BC3B87C1AD}.Release|Any CPU.Build.0 = Release|Any CPU
		{D216CF63-F2DE-46D7-9FA7-B290BF4FF95C}.Debug|Any CPU.ActiveCfg = Debug|Any CPU
		{D216CF63-F2DE-46D7-9FA7-B290BF4FF95C}.Debug|Any CPU.Build.0 = Debug|Any CPU
		{D216CF63-F2DE-46D7-9FA7-B290BF4FF95C}.Release|Any CPU.ActiveCfg = Release|Any CPU
		{D216CF63-F2DE-46D7-9FA7-B290BF4FF95C}.Release|Any CPU.Build.0 = Release|Any CPU
		{C7F1A9E5-BF74-499B-A7CC-A0D11D331117}.Debug|Any CPU.ActiveCfg = Debug|Any CPU
		{C7F1A9E5-BF74-499B-A7CC-A0D11D331117}.Debug|Any CPU.Build.0 = Debug|Any CPU
		{C7F1A9E5-BF74-499B-A7CC-A0D11D331117}.Release|Any CPU.ActiveCfg = Release|Any CPU
		{C7F1A9E5-BF74-499B-A7CC-A0D11D331117}.Release|Any CPU.Build.0 = Release|Any CPU
		{23D33972-0EA9-4280-BDA4-784198287BDF}.Debug|Any CPU.ActiveCfg = Debug|Any CPU
		{23D33972-0EA9-4280-BDA4-784198287BDF}.Debug|Any CPU.Build.0 = Debug|Any CPU
		{23D33972-0EA9-4280-BDA4-784198287BDF}.Release|Any CPU.ActiveCfg = Release|Any CPU
		{23D33972-0EA9-4280-BDA4-784198287BDF}.Release|Any CPU.Build.0 = Release|Any CPU
		{08A64EC8-D3FF-4632-9613-3A89B7B0325D}.Debug|Any CPU.ActiveCfg = Debug|Any CPU
		{08A64EC8-D3FF-4632-9613-3A89B7B0325D}.Debug|Any CPU.Build.0 = Debug|Any CPU
		{08A64EC8-D3FF-4632-9613-3A89B7B0325D}.Debug|Any CPU.Deploy.0 = Debug|Any CPU
		{08A64EC8-D3FF-4632-9613-3A89B7B0325D}.Release|Any CPU.ActiveCfg = Release|Any CPU
		{08A64EC8-D3FF-4632-9613-3A89B7B0325D}.Release|Any CPU.Build.0 = Release|Any CPU
		{08A64EC8-D3FF-4632-9613-3A89B7B0325D}.Release|Any CPU.Deploy.0 = Release|Any CPU
	EndGlobalSection
	GlobalSection(SolutionProperties) = preSolution
		HideSolutionNode = FALSE
	EndGlobalSection
EndGlobal
